
Microsoft Visual Studio Solution File, Format Version 12.00
# Visual Studio Version 17
VisualStudioVersion = 17.5.33516.290
MinimumVisualStudioVersion = 10.0.40219.1
Project("{FAE04EC0-301F-11D3-BF4B-00C04F79EFBC}") = "CalcularTiempo", "CalcularTiempo.csproj", "{9350D7F4-CB2A-4A9E-9432-67698F9910CF}"
EndProject
Global
	GlobalSection(SolutionConfigurationPlatforms) = preSolution
		Debug|Any CPU = Debug|Any CPU
		Release|Any CPU = Release|Any CPU
	EndGlobalSection
	GlobalSection(ProjectConfigurationPlatforms) = postSolution
		{9350D7F4-CB2A-4A9E-9432-67698F9910CF}.Debug|Any CPU.ActiveCfg = Debug|Any CPU
		{9350D7F4-CB2A-4A9E-9432-67698F9910CF}.Debug|Any CPU.Build.0 = Debug|Any CPU
		{9350D7F4-CB2A-4A9E-9432-67698F9910CF}.Release|Any CPU.ActiveCfg = Release|Any CPU
		{9350D7F4-CB2A-4A9E-9432-67698F9910CF}.Release|Any CPU.Build.0 = Release|Any CPU
	EndGlobalSection
	GlobalSection(SolutionProperties) = preSolution
		HideSolutionNode = FALSE
	EndGlobalSection
	GlobalSection(ExtensibilityGlobals) = postSolution
		SolutionGuid = {DEA16E24-95C1-43CB-86AD-E81A2F07F09E}
	EndGlobalSection
EndGlobal
